
Microsoft Visual Studio Solution File, Format Version 12.00
# Visual Studio Version 16
VisualStudioVersion = 16.0.30503.244
MinimumVisualStudioVersion = 10.0.40219.1
Project("{FAE04EC0-301F-11D3-BF4B-00C04F79EFBC}") = "xay-dung-class-animal", "xay-dung-class-animal.csproj", "{150FC838-ED73-4198-9D1E-29F581DB4D76}"
EndProject
Global
	GlobalSection(SolutionConfigurationPlatforms) = preSolution
		Debug|Any CPU = Debug|Any CPU
		Release|Any CPU = Release|Any CPU
	EndGlobalSection
	GlobalSection(ProjectConfigurationPlatforms) = postSolution
		{150FC838-ED73-4198-9D1E-29F581DB4D76}.Debug|Any CPU.ActiveCfg = Debug|Any CPU
		{150FC838-ED73-4198-9D1E-29F581DB4D76}.Debug|Any CPU.Build.0 = Debug|Any CPU
		{150FC838-ED73-4198-9D1E-29F581DB4D76}.Release|Any CPU.ActiveCfg = Release|Any CPU
		{150FC838-ED73-4198-9D1E-29F581DB4D76}.Release|Any CPU.Build.0 = Release|Any CPU
	EndGlobalSection
	GlobalSection(SolutionProperties) = preSolution
		HideSolutionNode = FALSE
	EndGlobalSection
	GlobalSection(ExtensibilityGlobals) = postSolution
		SolutionGuid = {43029FEA-CF2E-4CC4-81C9-D67966581E9B}
	EndGlobalSection
EndGlobal
